
Microsoft Visual Studio Solution File, Format Version 12.00
# Visual Studio Version 16
VisualStudioVersion = 16.0.31402.337
MinimumVisualStudioVersion = 10.0.40219.1
Project("{FAE04EC0-301F-11D3-BF4B-00C04F79EFBC}") = "GPACalculator", "GPACalculator.csproj", "{068948B1-C4E5-4F31-8394-3B5474F54F6D}"
EndProject
Global
	GlobalSection(SolutionConfigurationPlatforms) = preSolution
		Debug|Any CPU = Debug|Any CPU
		Release|Any CPU = Release|Any CPU
	EndGlobalSection
	GlobalSection(ProjectConfigurationPlatforms) = postSolution
		{068948B1-C4E5-4F31-8394-3B5474F54F6D}.Debug|Any CPU.ActiveCfg = Debug|Any CPU
		{068948B1-C4E5-4F31-8394-3B5474F54F6D}.Debug|Any CPU.Build.0 = Debug|Any CPU
		{068948B1-C4E5-4F31-8394-3B5474F54F6D}.Release|Any CPU.ActiveCfg = Release|Any CPU
		{068948B1-C4E5-4F31-8394-3B5474F54F6D}.Release|Any CPU.Build.0 = Release|Any CPU
	EndGlobalSection
	GlobalSection(SolutionProperties) = preSolution
		HideSolutionNode = FALSE
	EndGlobalSection
	GlobalSection(ExtensibilityGlobals) = postSolution
		SolutionGuid = {F40F2C9E-A697-4744-BEA7-D4FACAF15A10}
	EndGlobalSection
EndGlobal
